// !$*UTF8*$!
{
	archiveVersion = 1;
	classes = {
	};
	objectVersion = 52;
	objects = {

/* Begin PBXBuildFile section */
		2DF4B8E7EA98A708657DF9AF /* Pods_SauceFinder.framework in Frameworks */ = {isa = PBXBuildFile; fileRef = B17453E604537E21A0C0FE3F /* Pods_SauceFinder.framework */; };
		3C7783B02602D6A500F3654D /* Swift-SauceNao in Frameworks */ = {isa = PBXBuildFile; productRef = 3C7783AF2602D6A500F3654D /* Swift-SauceNao */; };
		C31F35C725D7558C00EB65E9 /* ImageView.swift in Sources */ = {isa = PBXBuildFile; fileRef = C31F35C625D7558800EB65E9 /* ImageView.swift */; };
		C31F35CA25D759E000EB65E9 /* TagView.swift in Sources */ = {isa = PBXBuildFile; fileRef = C31F35C925D759E000EB65E9 /* TagView.swift */; };
		C33F065B25785F4600E99E2F /* DoujinView.swift in Sources */ = {isa = PBXBuildFile; fileRef = C33F065A25785F4500E99E2F /* DoujinView.swift */; };
		C33F065F2578622800E99E2F /* DoujinCell.swift in Sources */ = {isa = PBXBuildFile; fileRef = C33F065E2578622800E99E2F /* DoujinCell.swift */; };
		C352603825AE7EB800651006 /* TabBarCircle.swift in Sources */ = {isa = PBXBuildFile; fileRef = C352603725AE7EB800651006 /* TabBarCircle.swift */; };
		C352603B25AE810400651006 /* FileRouter.swift in Sources */ = {isa = PBXBuildFile; fileRef = C352603A25AE810400651006 /* FileRouter.swift */; };
		C35E54DD25D5FEC100977E0A /* AddSauceView.swift in Sources */ = {isa = PBXBuildFile; fileRef = C35E54DC25D5FEC100977E0A /* AddSauceView.swift */; };
		C35FB4B325A2A074005D4536 /* DoujinInformation.swift in Sources */ = {isa = PBXBuildFile; fileRef = C35FB4B225A2A074005D4536 /* DoujinInformation.swift */; };
		C3679945259D3C100098BF78 /* LoadingCircle.swift in Sources */ = {isa = PBXBuildFile; fileRef = C3679944259D3C100098BF78 /* LoadingCircle.swift */; };
		C38F224C25760ABD0005CDEE /* AppDelegate.swift in Sources */ = {isa = PBXBuildFile; fileRef = C38F224B25760ABD0005CDEE /* AppDelegate.swift */; };
		C38F224E25760ABD0005CDEE /* SceneDelegate.swift in Sources */ = {isa = PBXBuildFile; fileRef = C38F224D25760ABD0005CDEE /* SceneDelegate.swift */; };
		C38F225025760ABD0005CDEE /* ContentView.swift in Sources */ = {isa = PBXBuildFile; fileRef = C38F224F25760ABD0005CDEE /* ContentView.swift */; };
		C38F225225760AC00005CDEE /* Assets.xcassets in Resources */ = {isa = PBXBuildFile; fileRef = C38F225125760AC00005CDEE /* Assets.xcassets */; };
		C38F225525760AC00005CDEE /* Preview Assets.xcassets in Resources */ = {isa = PBXBuildFile; fileRef = C38F225425760AC00005CDEE /* Preview Assets.xcassets */; };
		C38F225825760AC00005CDEE /* LaunchScreen.storyboard in Resources */ = {isa = PBXBuildFile; fileRef = C38F225625760AC00005CDEE /* LaunchScreen.storyboard */; };
		C395250E2579D72D0052099B /* DoujinCellWithNODoujin.swift in Sources */ = {isa = PBXBuildFile; fileRef = C395250D2579D72D0052099B /* DoujinCellWithNODoujin.swift */; };
		C39525162579DEBD0052099B /* AddDoujin.swift in Sources */ = {isa = PBXBuildFile; fileRef = C39525152579DEBC0052099B /* AddDoujin.swift */; };
		C3B9F71D25AF5CF7005EBB3B /* TestingAddDoujin.swift in Sources */ = {isa = PBXBuildFile; fileRef = C3B9F71C25AF5CF7005EBB3B /* TestingAddDoujin.swift */; };
		C3C0FF3A25776AE800B8E4BE /* DoujinAPI.swift in Sources */ = {isa = PBXBuildFile; fileRef = C3C0FF3925776AE800B8E4BE /* DoujinAPI.swift */; };
		C3C0FF3E257777BA00B8E4BE /* SaveAndSuch.swift in Sources */ = {isa = PBXBuildFile; fileRef = C3C0FF3D257777BA00B8E4BE /* SaveAndSuch.swift */; };
		C3C0FF422577785B00B8E4BE /* DoujinInfo.swift in Sources */ = {isa = PBXBuildFile; fileRef = C3C0FF412577785B00B8E4BE /* DoujinInfo.swift */; };
		C3C0FF452577797A00B8E4BE /* DoujinTags.swift in Sources */ = {isa = PBXBuildFile; fileRef = C3C0FF442577797A00B8E4BE /* DoujinTags.swift */; };
/* End PBXBuildFile section */

/* Begin PBXFileReference section */
		302E1E27763EAC938CA32C6A /* Pods-SauceFinder.debug.xcconfig */ = {isa = PBXFileReference; includeInIndex = 1; lastKnownFileType = text.xcconfig; name = "Pods-SauceFinder.debug.xcconfig"; path = "Target Support Files/Pods-SauceFinder/Pods-SauceFinder.debug.xcconfig"; sourceTree = "<group>"; };
		B17453E604537E21A0C0FE3F /* Pods_SauceFinder.framework */ = {isa = PBXFileReference; explicitFileType = wrapper.framework; includeInIndex = 0; path = Pods_SauceFinder.framework; sourceTree = BUILT_PRODUCTS_DIR; };
		C31F35C625D7558800EB65E9 /* ImageView.swift */ = {isa = PBXFileReference; lastKnownFileType = sourcecode.swift; path = ImageView.swift; sourceTree = "<group>"; };
		C31F35C925D759E000EB65E9 /* TagView.swift */ = {isa = PBXFileReference; lastKnownFileType = sourcecode.swift; path = TagView.swift; sourceTree = "<group>"; };
		C33F065A25785F4500E99E2F /* DoujinView.swift */ = {isa = PBXFileReference; lastKnownFileType = sourcecode.swift; path = DoujinView.swift; sourceTree = "<group>"; };
		C33F065E2578622800E99E2F /* DoujinCell.swift */ = {isa = PBXFileReference; lastKnownFileType = sourcecode.swift; path = DoujinCell.swift; sourceTree = "<group>"; };
		C352603725AE7EB800651006 /* TabBarCircle.swift */ = {isa = PBXFileReference; lastKnownFileType = sourcecode.swift; path = TabBarCircle.swift; sourceTree = "<group>"; };
		C352603A25AE810400651006 /* FileRouter.swift */ = {isa = PBXFileReference; lastKnownFileType = sourcecode.swift; path = FileRouter.swift; sourceTree = "<group>"; };
		C35E54DC25D5FEC100977E0A /* AddSauceView.swift */ = {isa = PBXFileReference; lastKnownFileType = sourcecode.swift; path = AddSauceView.swift; sourceTree = "<group>"; };
		C35FB4B225A2A074005D4536 /* DoujinInformation.swift */ = {isa = PBXFileReference; lastKnownFileType = sourcecode.swift; path = DoujinInformation.swift; sourceTree = "<group>"; };
		C3679944259D3C100098BF78 /* LoadingCircle.swift */ = {isa = PBXFileReference; lastKnownFileType = sourcecode.swift; path = LoadingCircle.swift; sourceTree = "<group>"; };
		C38F224825760ABD0005CDEE /* SauceFinder.app */ = {isa = PBXFileReference; explicitFileType = wrapper.application; includeInIndex = 0; path = SauceFinder.app; sourceTree = BUILT_PRODUCTS_DIR; };
		C38F224B25760ABD0005CDEE /* AppDelegate.swift */ = {isa = PBXFileReference; lastKnownFileType = sourcecode.swift; path = AppDelegate.swift; sourceTree = "<group>"; };
		C38F224D25760ABD0005CDEE /* SceneDelegate.swift */ = {isa = PBXFileReference; lastKnownFileType = sourcecode.swift; path = SceneDelegate.swift; sourceTree = "<group>"; };
		C38F224F25760ABD0005CDEE /* ContentView.swift */ = {isa = PBXFileReference; lastKnownFileType = sourcecode.swift; path = ContentView.swift; sourceTree = "<group>"; };
		C38F225125760AC00005CDEE /* Assets.xcassets */ = {isa = PBXFileReference; lastKnownFileType = folder.assetcatalog; path = Assets.xcassets; sourceTree = "<group>"; };
		C38F225425760AC00005CDEE /* Preview Assets.xcassets */ = {isa = PBXFileReference; lastKnownFileType = folder.assetcatalog; path = "Preview Assets.xcassets"; sourceTree = "<group>"; };
		C38F225725760AC00005CDEE /* Base */ = {isa = PBXFileReference; lastKnownFileType = file.storyboard; name = Base; path = Base.lproj/LaunchScreen.storyboard; sourceTree = "<group>"; };
		C38F225925760AC00005CDEE /* Info.plist */ = {isa = PBXFileReference; lastKnownFileType = text.plist.xml; path = Info.plist; sourceTree = "<group>"; };
		C395250D2579D72D0052099B /* DoujinCellWithNODoujin.swift */ = {isa = PBXFileReference; lastKnownFileType = sourcecode.swift; path = DoujinCellWithNODoujin.swift; sourceTree = "<group>"; };
		C39525152579DEBC0052099B /* AddDoujin.swift */ = {isa = PBXFileReference; lastKnownFileType = sourcecode.swift; path = AddDoujin.swift; sourceTree = "<group>"; };
		C3B9F71C25AF5CF7005EBB3B /* TestingAddDoujin.swift */ = {isa = PBXFileReference; lastKnownFileType = sourcecode.swift; path = TestingAddDoujin.swift; sourceTree = "<group>"; };
		C3C0FF3925776AE800B8E4BE /* DoujinAPI.swift */ = {isa = PBXFileReference; lastKnownFileType = sourcecode.swift; path = DoujinAPI.swift; sourceTree = "<group>"; };
		C3C0FF3D257777BA00B8E4BE /* SaveAndSuch.swift */ = {isa = PBXFileReference; lastKnownFileType = sourcecode.swift; path = SaveAndSuch.swift; sourceTree = "<group>"; };
		C3C0FF412577785B00B8E4BE /* DoujinInfo.swift */ = {isa = PBXFileReference; lastKnownFileType = sourcecode.swift; path = DoujinInfo.swift; sourceTree = "<group>"; };
		C3C0FF442577797A00B8E4BE /* DoujinTags.swift */ = {isa = PBXFileReference; lastKnownFileType = sourcecode.swift; path = DoujinTags.swift; sourceTree = "<group>"; };
		EBDB7BF13992D3F2245173CF /* Pods-SauceFinder.release.xcconfig */ = {isa = PBXFileReference; includeInIndex = 1; lastKnownFileType = text.xcconfig; name = "Pods-SauceFinder.release.xcconfig"; path = "Target Support Files/Pods-SauceFinder/Pods-SauceFinder.release.xcconfig"; sourceTree = "<group>"; };
/* End PBXFileReference section */

/* Begin PBXFrameworksBuildPhase section */
		C38F224525760ABD0005CDEE /* Frameworks */ = {
			isa = PBXFrameworksBuildPhase;
			buildActionMask = 2147483647;
			files = (
				2DF4B8E7EA98A708657DF9AF /* Pods_SauceFinder.framework in Frameworks */,
				3C7783B02602D6A500F3654D /* Swift-SauceNao in Frameworks */,
			);
			runOnlyForDeploymentPostprocessing = 0;
		};
/* End PBXFrameworksBuildPhase section */

/* Begin PBXGroup section */
		044C1A46B90768C6B5C6C80A /* Frameworks */ = {
			isa = PBXGroup;
			children = (
				B17453E604537E21A0C0FE3F /* Pods_SauceFinder.framework */,
			);
			name = Frameworks;
			sourceTree = "<group>";
		};
		1D2FAC40A1DA285164BAA345 /* Pods */ = {
			isa = PBXGroup;
			children = (
				302E1E27763EAC938CA32C6A /* Pods-SauceFinder.debug.xcconfig */,
				EBDB7BF13992D3F2245173CF /* Pods-SauceFinder.release.xcconfig */,
			);
			path = Pods;
			sourceTree = "<group>";
		};
		C38F223F25760ABD0005CDEE = {
			isa = PBXGroup;
			children = (
				C38F224A25760ABD0005CDEE /* SauceFinder */,
				C38F224925760ABD0005CDEE /* Products */,
				1D2FAC40A1DA285164BAA345 /* Pods */,
				044C1A46B90768C6B5C6C80A /* Frameworks */,
			);
			sourceTree = "<group>";
		};
		C38F224925760ABD0005CDEE /* Products */ = {
			isa = PBXGroup;
			children = (
				C38F224825760ABD0005CDEE /* SauceFinder.app */,
			);
			name = Products;
			sourceTree = "<group>";
		};
		C38F224A25760ABD0005CDEE /* SauceFinder */ = {
			isa = PBXGroup;
			children = (
				C38F224B25760ABD0005CDEE /* AppDelegate.swift */,
				C38F224D25760ABD0005CDEE /* SceneDelegate.swift */,
				C3E41B9D25775BAB0032C85B /* Model */,
				C3E41B9C25775BA00032C85B /* View */,
				C38F225125760AC00005CDEE /* Assets.xcassets */,
				C38F225625760AC00005CDEE /* LaunchScreen.storyboard */,
				C38F225925760AC00005CDEE /* Info.plist */,
				C38F225325760AC00005CDEE /* Preview Content */,
			);
			path = SauceFinder;
			sourceTree = "<group>";
		};
		C38F225325760AC00005CDEE /* Preview Content */ = {
			isa = PBXGroup;
			children = (
				C38F225425760AC00005CDEE /* Preview Assets.xcassets */,
			);
			path = "Preview Content";
			sourceTree = "<group>";
		};
		C39525132579D82E0052099B /* SupportingViews */ = {
			isa = PBXGroup;
			children = (
				C352603725AE7EB800651006 /* TabBarCircle.swift */,
				C31F35C625D7558800EB65E9 /* ImageView.swift */,
				C31F35C925D759E000EB65E9 /* TagView.swift */,
				C3679944259D3C100098BF78 /* LoadingCircle.swift */,
			);
			path = SupportingViews;
			sourceTree = "<group>";
		};
		C3B9F71B25AF5CCF005EBB3B /* TestingViews */ = {
			isa = PBXGroup;
			children = (
				C3B9F71C25AF5CF7005EBB3B /* TestingAddDoujin.swift */,
			);
			path = TestingViews;
			sourceTree = "<group>";
		};
		C3C0FF372577622000B8E4BE /* DoujinViews */ = {
			isa = PBXGroup;
			children = (
				C33F065A25785F4500E99E2F /* DoujinView.swift */,
				C395250D2579D72D0052099B /* DoujinCellWithNODoujin.swift */,
				C33F065E2578622800E99E2F /* DoujinCell.swift */,
				C39525152579DEBC0052099B /* AddDoujin.swift */,
				C35FB4B225A2A074005D4536 /* DoujinInformation.swift */,
			);
			path = DoujinViews;
			sourceTree = "<group>";
		};
		C3C0FF3C257777AD00B8E4BE /* Saves */ = {
			isa = PBXGroup;
			children = (
				C3C0FF3D257777BA00B8E4BE /* SaveAndSuch.swift */,
				C3C0FF412577785B00B8E4BE /* DoujinInfo.swift */,
				C3C0FF442577797A00B8E4BE /* DoujinTags.swift */,
			);
			path = Saves;
			sourceTree = "<group>";
		};
		C3E41B9C25775BA00032C85B /* View */ = {
			isa = PBXGroup;
			children = (
				C38F224F25760ABD0005CDEE /* ContentView.swift */,
				C35E54DC25D5FEC100977E0A /* AddSauceView.swift */,
				C3B9F71B25AF5CCF005EBB3B /* TestingViews */,
				C3C0FF372577622000B8E4BE /* DoujinViews */,
				C39525132579D82E0052099B /* SupportingViews */,
			);
			path = View;
			sourceTree = "<group>";
		};
		C3E41B9D25775BAB0032C85B /* Model */ = {
			isa = PBXGroup;
			children = (
				C3C0FF3925776AE800B8E4BE /* DoujinAPI.swift */,
				C352603A25AE810400651006 /* FileRouter.swift */,
				C3C0FF3C257777AD00B8E4BE /* Saves */,
			);
			path = Model;
			sourceTree = "<group>";
		};
/* End PBXGroup section */

/* Begin PBXNativeTarget section */
		C38F224725760ABD0005CDEE /* SauceFinder */ = {
			isa = PBXNativeTarget;
			buildConfigurationList = C38F225C25760AC00005CDEE /* Build configuration list for PBXNativeTarget "SauceFinder" */;
			buildPhases = (
				CE712CD8AB4787D19CCA5AA8 /* [CP] Check Pods Manifest.lock */,
				C38F224425760ABD0005CDEE /* Sources */,
				C38F224525760ABD0005CDEE /* Frameworks */,
				C38F224625760ABD0005CDEE /* Resources */,
				3E350DC2F12317DF0AF7B566 /* [CP] Embed Pods Frameworks */,
			);
			buildRules = (
			);
			dependencies = (
			);
			name = SauceFinder;
			packageProductDependencies = (
				3C7783AF2602D6A500F3654D /* Swift-SauceNao */,
			);
			productName = SauceFinder;
			productReference = C38F224825760ABD0005CDEE /* SauceFinder.app */;
			productType = "com.apple.product-type.application";
		};
/* End PBXNativeTarget section */

/* Begin PBXProject section */
		C38F224025760ABD0005CDEE /* Project object */ = {
			isa = PBXProject;
			attributes = {
				LastSwiftUpdateCheck = 1220;
				LastUpgradeCheck = 1220;
				TargetAttributes = {
					C38F224725760ABD0005CDEE = {
						CreatedOnToolsVersion = 12.2;
					};
				};
			};
			buildConfigurationList = C38F224325760ABD0005CDEE /* Build configuration list for PBXProject "SauceFinder" */;
			compatibilityVersion = "Xcode 9.3";
			developmentRegion = en;
			hasScannedForEncodings = 0;
			knownRegions = (
				en,
				Base,
			);
			mainGroup = C38F223F25760ABD0005CDEE;
			packageReferences = (
				3C7783AE2602D6A500F3654D /* XCRemoteSwiftPackageReference "Swift-SauceNao" */,
			);
			productRefGroup = C38F224925760ABD0005CDEE /* Products */;
			projectDirPath = "";
			projectRoot = "";
			targets = (
				C38F224725760ABD0005CDEE /* SauceFinder */,
			);
		};
/* End PBXProject section */

/* Begin PBXResourcesBuildPhase section */
		C38F224625760ABD0005CDEE /* Resources */ = {
			isa = PBXResourcesBuildPhase;
			buildActionMask = 2147483647;
			files = (
				C38F225825760AC00005CDEE /* LaunchScreen.storyboard in Resources */,
				C38F225525760AC00005CDEE /* Preview Assets.xcassets in Resources */,
				C38F225225760AC00005CDEE /* Assets.xcassets in Resources */,
			);
			runOnlyForDeploymentPostprocessing = 0;
		};
/* End PBXResourcesBuildPhase section */

/* Begin PBXShellScriptBuildPhase section */
		3E350DC2F12317DF0AF7B566 /* [CP] Embed Pods Frameworks */ = {
			isa = PBXShellScriptBuildPhase;
			buildActionMask = 2147483647;
			files = (
			);
			inputFileListPaths = (
				"${PODS_ROOT}/Target Support Files/Pods-SauceFinder/Pods-SauceFinder-frameworks-${CONFIGURATION}-input-files.xcfilelist",
			);
			name = "[CP] Embed Pods Frameworks";
			outputFileListPaths = (
				"${PODS_ROOT}/Target Support Files/Pods-SauceFinder/Pods-SauceFinder-frameworks-${CONFIGURATION}-output-files.xcfilelist",
			);
			runOnlyForDeploymentPostprocessing = 0;
			shellPath = /bin/sh;
			shellScript = "\"${PODS_ROOT}/Target Support Files/Pods-SauceFinder/Pods-SauceFinder-frameworks.sh\"\n";
			showEnvVarsInLog = 0;
		};
		CE712CD8AB4787D19CCA5AA8 /* [CP] Check Pods Manifest.lock */ = {
			isa = PBXShellScriptBuildPhase;
			buildActionMask = 2147483647;
			files = (
			);
			inputFileListPaths = (
			);
			inputPaths = (
				"${PODS_PODFILE_DIR_PATH}/Podfile.lock",
				"${PODS_ROOT}/Manifest.lock",
			);
			name = "[CP] Check Pods Manifest.lock";
			outputFileListPaths = (
			);
			outputPaths = (
				"$(DERIVED_FILE_DIR)/Pods-SauceFinder-checkManifestLockResult.txt",
			);
			runOnlyForDeploymentPostprocessing = 0;
			shellPath = /bin/sh;
			shellScript = "diff \"${PODS_PODFILE_DIR_PATH}/Podfile.lock\" \"${PODS_ROOT}/Manifest.lock\" > /dev/null\nif [ $? != 0 ] ; then\n    # print error to STDERR\n    echo \"error: The sandbox is not in sync with the Podfile.lock. Run 'pod install' or update your CocoaPods installation.\" >&2\n    exit 1\nfi\n# This output is used by Xcode 'outputs' to avoid re-running this script phase.\necho \"SUCCESS\" > \"${SCRIPT_OUTPUT_FILE_0}\"\n";
			showEnvVarsInLog = 0;
		};
/* End PBXShellScriptBuildPhase section */

/* Begin PBXSourcesBuildPhase section */
		C38F224425760ABD0005CDEE /* Sources */ = {
			isa = PBXSourcesBuildPhase;
			buildActionMask = 2147483647;
			files = (
				C31F35CA25D759E000EB65E9 /* TagView.swift in Sources */,
				C3C0FF452577797A00B8E4BE /* DoujinTags.swift in Sources */,
				C3B9F71D25AF5CF7005EBB3B /* TestingAddDoujin.swift in Sources */,
				C38F224C25760ABD0005CDEE /* AppDelegate.swift in Sources */,
				C3C0FF3A25776AE800B8E4BE /* DoujinAPI.swift in Sources */,
				C3C0FF422577785B00B8E4BE /* DoujinInfo.swift in Sources */,
				C35E54DD25D5FEC100977E0A /* AddSauceView.swift in Sources */,
				C31F35C725D7558C00EB65E9 /* ImageView.swift in Sources */,
				C395250E2579D72D0052099B /* DoujinCellWithNODoujin.swift in Sources */,
				C3679945259D3C100098BF78 /* LoadingCircle.swift in Sources */,
				C3C0FF3E257777BA00B8E4BE /* SaveAndSuch.swift in Sources */,
				C38F224E25760ABD0005CDEE /* SceneDelegate.swift in Sources */,
				C38F225025760ABD0005CDEE /* ContentView.swift in Sources */,
				C39525162579DEBD0052099B /* AddDoujin.swift in Sources */,
				C33F065F2578622800E99E2F /* DoujinCell.swift in Sources */,
				C35FB4B325A2A074005D4536 /* DoujinInformation.swift in Sources */,
				C352603B25AE810400651006 /* FileRouter.swift in Sources */,
				C33F065B25785F4600E99E2F /* DoujinView.swift in Sources */,
				C352603825AE7EB800651006 /* TabBarCircle.swift in Sources */,
			);
			runOnlyForDeploymentPostprocessing = 0;
		};
/* End PBXSourcesBuildPhase section */

/* Begin PBXVariantGroup section */
		C38F225625760AC00005CDEE /* LaunchScreen.storyboard */ = {
			isa = PBXVariantGroup;
			children = (
				C38F225725760AC00005CDEE /* Base */,
			);
			name = LaunchScreen.storyboard;
			sourceTree = "<group>";
		};
/* End PBXVariantGroup section */

/* Begin XCBuildConfiguration section */
		C38F225A25760AC00005CDEE /* Debug */ = {
			isa = XCBuildConfiguration;
			buildSettings = {
				ALWAYS_SEARCH_USER_PATHS = NO;
				CLANG_ANALYZER_NONNULL = YES;
				CLANG_ANALYZER_NUMBER_OBJECT_CONVERSION = YES_AGGRESSIVE;
				CLANG_CXX_LANGUAGE_STANDARD = "gnu++14";
				CLANG_CXX_LIBRARY = "libc++";
				CLANG_ENABLE_MODULES = YES;
				CLANG_ENABLE_OBJC_ARC = YES;
				CLANG_ENABLE_OBJC_WEAK = YES;
				CLANG_WARN_BLOCK_CAPTURE_AUTORELEASING = YES;
				CLANG_WARN_BOOL_CONVERSION = YES;
				CLANG_WARN_COMMA = YES;
				CLANG_WARN_CONSTANT_CONVERSION = YES;
				CLANG_WARN_DEPRECATED_OBJC_IMPLEMENTATIONS = YES;
				CLANG_WARN_DIRECT_OBJC_ISA_USAGE = YES_ERROR;
				CLANG_WARN_DOCUMENTATION_COMMENTS = YES;
				CLANG_WARN_EMPTY_BODY = YES;
				CLANG_WARN_ENUM_CONVERSION = YES;
				CLANG_WARN_INFINITE_RECURSION = YES;
				CLANG_WARN_INT_CONVERSION = YES;
				CLANG_WARN_NON_LITERAL_NULL_CONVERSION = YES;
				CLANG_WARN_OBJC_IMPLICIT_RETAIN_SELF = YES;
				CLANG_WARN_OBJC_LITERAL_CONVERSION = YES;
				CLANG_WARN_OBJC_ROOT_CLASS = YES_ERROR;
				CLANG_WARN_QUOTED_INCLUDE_IN_FRAMEWORK_HEADER = YES;
				CLANG_WARN_RANGE_LOOP_ANALYSIS = YES;
				CLANG_WARN_STRICT_PROTOTYPES = YES;
				CLANG_WARN_SUSPICIOUS_MOVE = YES;
				CLANG_WARN_UNGUARDED_AVAILABILITY = YES_AGGRESSIVE;
				CLANG_WARN_UNREACHABLE_CODE = YES;
				CLANG_WARN__DUPLICATE_METHOD_MATCH = YES;
				COPY_PHASE_STRIP = NO;
				DEBUG_INFORMATION_FORMAT = dwarf;
				ENABLE_STRICT_OBJC_MSGSEND = YES;
				ENABLE_TESTABILITY = YES;
				GCC_C_LANGUAGE_STANDARD = gnu11;
				GCC_DYNAMIC_NO_PIC = NO;
				GCC_NO_COMMON_BLOCKS = YES;
				GCC_OPTIMIZATION_LEVEL = 0;
				GCC_PREPROCESSOR_DEFINITIONS = (
					"DEBUG=1",
					"$(inherited)",
				);
				GCC_WARN_64_TO_32_BIT_CONVERSION = YES;
				GCC_WARN_ABOUT_RETURN_TYPE = YES_ERROR;
				GCC_WARN_UNDECLARED_SELECTOR = YES;
				GCC_WARN_UNINITIALIZED_AUTOS = YES_AGGRESSIVE;
				GCC_WARN_UNUSED_FUNCTION = YES;
				GCC_WARN_UNUSED_VARIABLE = YES;
				IPHONEOS_DEPLOYMENT_TARGET = 14.2;
				MTL_ENABLE_DEBUG_INFO = INCLUDE_SOURCE;
				MTL_FAST_MATH = YES;
				ONLY_ACTIVE_ARCH = YES;
				SDKROOT = iphoneos;
				SWIFT_ACTIVE_COMPILATION_CONDITIONS = DEBUG;
				SWIFT_OPTIMIZATION_LEVEL = "-Onone";
			};
			name = Debug;
		};
		C38F225B25760AC00005CDEE /* Release */ = {
			isa = XCBuildConfiguration;
			buildSettings = {
				ALWAYS_SEARCH_USER_PATHS = NO;
				CLANG_ANALYZER_NONNULL = YES;
				CLANG_ANALYZER_NUMBER_OBJECT_CONVERSION = YES_AGGRESSIVE;
				CLANG_CXX_LANGUAGE_STANDARD = "gnu++14";
				CLANG_CXX_LIBRARY = "libc++";
				CLANG_ENABLE_MODULES = YES;
				CLANG_ENABLE_OBJC_ARC = YES;
				CLANG_ENABLE_OBJC_WEAK = YES;
				CLANG_WARN_BLOCK_CAPTURE_AUTORELEASING = YES;
				CLANG_WARN_BOOL_CONVERSION = YES;
				CLANG_WARN_COMMA = YES;
				CLANG_WARN_CONSTANT_CONVERSION = YES;
				CLANG_WARN_DEPRECATED_OBJC_IMPLEMENTATIONS = YES;
				CLANG_WARN_DIRECT_OBJC_ISA_USAGE = YES_ERROR;
				CLANG_WARN_DOCUMENTATION_COMMENTS = YES;
				CLANG_WARN_EMPTY_BODY = YES;
				CLANG_WARN_ENUM_CONVERSION = YES;
				CLANG_WARN_INFINITE_RECURSION = YES;
				CLANG_WARN_INT_CONVERSION = YES;
				CLANG_WARN_NON_LITERAL_NULL_CONVERSION = YES;
				CLANG_WARN_OBJC_IMPLICIT_RETAIN_SELF = YES;
				CLANG_WARN_OBJC_LITERAL_CONVERSION = YES;
				CLANG_WARN_OBJC_ROOT_CLASS = YES_ERROR;
				CLANG_WARN_QUOTED_INCLUDE_IN_FRAMEWORK_HEADER = YES;
				CLANG_WARN_RANGE_LOOP_ANALYSIS = YES;
				CLANG_WARN_STRICT_PROTOTYPES = YES;
				CLANG_WARN_SUSPICIOUS_MOVE = YES;
				CLANG_WARN_UNGUARDED_AVAILABILITY = YES_AGGRESSIVE;
				CLANG_WARN_UNREACHABLE_CODE = YES;
				CLANG_WARN__DUPLICATE_METHOD_MATCH = YES;
				COPY_PHASE_STRIP = NO;
				DEBUG_INFORMATION_FORMAT = "dwarf-with-dsym";
				ENABLE_NS_ASSERTIONS = NO;
				ENABLE_STRICT_OBJC_MSGSEND = YES;
				GCC_C_LANGUAGE_STANDARD = gnu11;
				GCC_NO_COMMON_BLOCKS = YES;
				GCC_WARN_64_TO_32_BIT_CONVERSION = YES;
				GCC_WARN_ABOUT_RETURN_TYPE = YES_ERROR;
				GCC_WARN_UNDECLARED_SELECTOR = YES;
				GCC_WARN_UNINITIALIZED_AUTOS = YES_AGGRESSIVE;
				GCC_WARN_UNUSED_FUNCTION = YES;
				GCC_WARN_UNUSED_VARIABLE = YES;
				IPHONEOS_DEPLOYMENT_TARGET = 14.2;
				MTL_ENABLE_DEBUG_INFO = NO;
				MTL_FAST_MATH = YES;
				SDKROOT = iphoneos;
				SWIFT_COMPILATION_MODE = wholemodule;
				SWIFT_OPTIMIZATION_LEVEL = "-O";
				VALIDATE_PRODUCT = YES;
			};
			name = Release;
		};
		C38F225D25760AC00005CDEE /* Debug */ = {
			isa = XCBuildConfiguration;
			baseConfigurationReference = 302E1E27763EAC938CA32C6A /* Pods-SauceFinder.debug.xcconfig */;
			buildSettings = {
				ASSETCATALOG_COMPILER_APPICON_NAME = AppIcon;
				ASSETCATALOG_COMPILER_GLOBAL_ACCENT_COLOR_NAME = AccentColor;
				CODE_SIGN_STYLE = Automatic;
				DEVELOPMENT_ASSET_PATHS = "\"SauceFinder/Preview Content\"";
				DEVELOPMENT_TEAM = MMZA244CU5;
				ENABLE_PREVIEWS = YES;
				EXCLUDED_ARCHS = arm64;
				INFOPLIST_FILE = SauceFinder/Info.plist;
				IPHONEOS_DEPLOYMENT_TARGET = 14.1;
				LD_RUNPATH_SEARCH_PATHS = (
					"$(inherited)",
					"@executable_path/Frameworks",
				);
				PRODUCT_BUNDLE_IDENTIFIER = CalebsDankSwiftUI.SauceFinder;
				PRODUCT_NAME = "$(TARGET_NAME)";
				SWIFT_VERSION = 5.0;
				TARGETED_DEVICE_FAMILY = "1,2";
			};
			name = Debug;
		};
		C38F225E25760AC00005CDEE /* Release */ = {
			isa = XCBuildConfiguration;
			baseConfigurationReference = EBDB7BF13992D3F2245173CF /* Pods-SauceFinder.release.xcconfig */;
			buildSettings = {
				ASSETCATALOG_COMPILER_APPICON_NAME = AppIcon;
				ASSETCATALOG_COMPILER_GLOBAL_ACCENT_COLOR_NAME = AccentColor;
				CODE_SIGN_STYLE = Automatic;
				DEVELOPMENT_ASSET_PATHS = "\"SauceFinder/Preview Content\"";
				DEVELOPMENT_TEAM = MMZA244CU5;
				ENABLE_PREVIEWS = YES;
				EXCLUDED_ARCHS = arm64;
				INFOPLIST_FILE = SauceFinder/Info.plist;
				IPHONEOS_DEPLOYMENT_TARGET = 14.1;
				LD_RUNPATH_SEARCH_PATHS = (
					"$(inherited)",
					"@executable_path/Frameworks",
				);
				PRODUCT_BUNDLE_IDENTIFIER = CalebsDankSwiftUI.SauceFinder;
				PRODUCT_NAME = "$(TARGET_NAME)";
				SWIFT_VERSION = 5.0;
				TARGETED_DEVICE_FAMILY = "1,2";
			};
			name = Release;
		};
/* End XCBuildConfiguration section */

/* Begin XCConfigurationList section */
		C38F224325760ABD0005CDEE /* Build configuration list for PBXProject "SauceFinder" */ = {
			isa = XCConfigurationList;
			buildConfigurations = (
				C38F225A25760AC00005CDEE /* Debug */,
				C38F225B25760AC00005CDEE /* Release */,
			);
			defaultConfigurationIsVisible = 0;
			defaultConfigurationName = Release;
		};
		C38F225C25760AC00005CDEE /* Build configuration list for PBXNativeTarget "SauceFinder" */ = {
			isa = XCConfigurationList;
			buildConfigurations = (
				C38F225D25760AC00005CDEE /* Debug */,
				C38F225E25760AC00005CDEE /* Release */,
			);
			defaultConfigurationIsVisible = 0;
			defaultConfigurationName = Release;
		};
/* End XCConfigurationList section */

/* Begin XCRemoteSwiftPackageReference section */
		3C7783AE2602D6A500F3654D /* XCRemoteSwiftPackageReference "Swift-SauceNao" */ = {
			isa = XCRemoteSwiftPackageReference;
			repositoryURL = "https://github.com/Isvvc/Swift-SauceNao";
			requirement = {
				kind = upToNextMajorVersion;
				minimumVersion = 1.0.0;
			};
		};
/* End XCRemoteSwiftPackageReference section */

/* Begin XCSwiftPackageProductDependency section */
		3C7783AF2602D6A500F3654D /* Swift-SauceNao */ = {
			isa = XCSwiftPackageProductDependency;
			package = 3C7783AE2602D6A500F3654D /* XCRemoteSwiftPackageReference "Swift-SauceNao" */;
			productName = "Swift-SauceNao";
		};
/* End XCSwiftPackageProductDependency section */
	};
	rootObject = C38F224025760ABD0005CDEE /* Project object */;
}
